
Microsoft Visual Studio Solution File, Format Version 12.00
# Visual Studio Version 17
VisualStudioVersion = 17.11.35312.102
MinimumVisualStudioVersion = 10.0.40219.1
Project("{FAE04EC0-301F-11D3-BF4B-00C04F79EFBC}") = "szamonkeres_", "szamonkeres_.csproj", "{C0FACC2E-AEA1-4D97-8B6D-8E53405E24E8}"
EndProject
Global
	GlobalSection(SolutionConfigurationPlatforms) = preSolution
		Debug|Any CPU = Debug|Any CPU
		Release|Any CPU = Release|Any CPU
	EndGlobalSection
	GlobalSection(ProjectConfigurationPlatforms) = postSolution
		{C0FACC2E-AEA1-4D97-8B6D-8E53405E24E8}.Debug|Any CPU.ActiveCfg = Debug|Any CPU
		{C0FACC2E-AEA1-4D97-8B6D-8E53405E24E8}.Debug|Any CPU.Build.0 = Debug|Any CPU
		{C0FACC2E-AEA1-4D97-8B6D-8E53405E24E8}.Release|Any CPU.ActiveCfg = Release|Any CPU
		{C0FACC2E-AEA1-4D97-8B6D-8E53405E24E8}.Release|Any CPU.Build.0 = Release|Any CPU
	EndGlobalSection
	GlobalSection(SolutionProperties) = preSolution
		HideSolutionNode = FALSE
	EndGlobalSection
	GlobalSection(ExtensibilityGlobals) = postSolution
		SolutionGuid = {96C32BE4-B8D0-4290-B05D-5A423C98F5CE}
	EndGlobalSection
EndGlobal
